
Microsoft Visual Studio Solution File, Format Version 12.00
# Visual Studio Version 17
VisualStudioVersion = 17.0.31903.59
MinimumVisualStudioVersion = 10.0.40219.1
Project("{FAE04EC0-301F-11D3-BF4B-00C04F79EFBC}") = "DIO.UnitTests.Console", "DIO.UnitTests.Console\DIO.UnitTests.Console.csproj", "{3DFB0546-05B5-46F4-B5C0-34A7DBD3FA70}"
EndProject
Project("{FAE04EC0-301F-11D3-BF4B-00C04F79EFBC}") = "DIO.UnitTests.Tests", "DIO.UnitTests.Tests\DIO.UnitTests.Tests.csproj", "{C0D489F9-9447-4B90-AAAA-FE8F271CCE2B}"
EndProject
Global
	GlobalSection(SolutionConfigurationPlatforms) = preSolution
		Debug|Any CPU = Debug|Any CPU
		Release|Any CPU = Release|Any CPU
	EndGlobalSection
	GlobalSection(SolutionProperties) = preSolution
		HideSolutionNode = FALSE
	EndGlobalSection
	GlobalSection(ProjectConfigurationPlatforms) = postSolution
		{3DFB0546-05B5-46F4-B5C0-34A7DBD3FA70}.Debug|Any CPU.ActiveCfg = Debug|Any CPU
		{3DFB0546-05B5-46F4-B5C0-34A7DBD3FA70}.Debug|Any CPU.Build.0 = Debug|Any CPU
		{3DFB0546-05B5-46F4-B5C0-34A7DBD3FA70}.Release|Any CPU.ActiveCfg = Release|Any CPU
		{3DFB0546-05B5-46F4-B5C0-34A7DBD3FA70}.Release|Any CPU.Build.0 = Release|Any CPU
		{C0D489F9-9447-4B90-AAAA-FE8F271CCE2B}.Debug|Any CPU.ActiveCfg = Debug|Any CPU
		{C0D489F9-9447-4B90-AAAA-FE8F271CCE2B}.Debug|Any CPU.Build.0 = Debug|Any CPU
		{C0D489F9-9447-4B90-AAAA-FE8F271CCE2B}.Release|Any CPU.ActiveCfg = Release|Any CPU
		{C0D489F9-9447-4B90-AAAA-FE8F271CCE2B}.Release|Any CPU.Build.0 = Release|Any CPU
	EndGlobalSection
EndGlobal
